
Microsoft Visual Studio Solution File, Format Version 12.00
# Visual Studio Version 17
VisualStudioVersion = 17.8.34330.188
MinimumVisualStudioVersion = 10.0.40219.1
Project("{FAE04EC0-301F-11D3-BF4B-00C04F79EFBC}") = "Picturesound", "Picturesound\Picturesound.csproj", "{AFD244C0-7C68-4870-983C-84690BDE699F}"
EndProject
Global
	GlobalSection(SolutionConfigurationPlatforms) = preSolution
		Debug|Any CPU = Debug|Any CPU
		Release|Any CPU = Release|Any CPU
	EndGlobalSection
	GlobalSection(ProjectConfigurationPlatforms) = postSolution
		{AFD244C0-7C68-4870-983C-84690BDE699F}.Debug|Any CPU.ActiveCfg = Debug|Any CPU
		{AFD244C0-7C68-4870-983C-84690BDE699F}.Debug|Any CPU.Build.0 = Debug|Any CPU
		{AFD244C0-7C68-4870-983C-84690BDE699F}.Release|Any CPU.ActiveCfg = Release|Any CPU
		{AFD244C0-7C68-4870-983C-84690BDE699F}.Release|Any CPU.Build.0 = Release|Any CPU
	EndGlobalSection
	GlobalSection(SolutionProperties) = preSolution
		HideSolutionNode = FALSE
	EndGlobalSection
	GlobalSection(ExtensibilityGlobals) = postSolution
		SolutionGuid = {F6D55248-4A4C-4014-B9E8-331944FD3DBE}
	EndGlobalSection
EndGlobal
